
Microsoft Visual Studio Solution File, Format Version 12.00
# Visual Studio Version 17
VisualStudioVersion = 17.9.34728.123
MinimumVisualStudioVersion = 10.0.40219.1
Project("{2150E333-8FDC-42A3-9474-1A3956D46DE8}") = "Services", "Services", "{A4365A89-FFB5-4D03-B383-0E7E790303FC}"
EndProject
Project("{2150E333-8FDC-42A3-9474-1A3956D46DE8}") = "Catalog", "Catalog", "{F5BA471E-DB0A-426D-B09D-EBF4E2BDA989}"
EndProject
Project("{9A19103F-16F7-4668-BE54-9A1E7A4F7556}") = "Catalog.API", "Services\Catalog\Catalog.API\Catalog.API.csproj", "{0BD38823-F211-4317-A93D-7E745A404FD8}"
EndProject
Project("{2150E333-8FDC-42A3-9474-1A3956D46DE8}") = "BuildingBlocks", "BuildingBlocks", "{CDAE1FC8-F194-4FDF-8F63-8CE3735941A3}"
EndProject
Project("{FAE04EC0-301F-11D3-BF4B-00C04F79EFBC}") = "BuildingBlocks", "BuildingBlocks\BuildingBlocks\BuildingBlocks.csproj", "{31753CB8-6B78-4C13-BEB4-91B63798D577}"
EndProject
Global
	GlobalSection(SolutionConfigurationPlatforms) = preSolution
		Debug|Any CPU = Debug|Any CPU
		Release|Any CPU = Release|Any CPU
	EndGlobalSection
	GlobalSection(ProjectConfigurationPlatforms) = postSolution
		{0BD38823-F211-4317-A93D-7E745A404FD8}.Debug|Any CPU.ActiveCfg = Debug|Any CPU
		{0BD38823-F211-4317-A93D-7E745A404FD8}.Debug|Any CPU.Build.0 = Debug|Any CPU
		{0BD38823-F211-4317-A93D-7E745A404FD8}.Release|Any CPU.ActiveCfg = Release|Any CPU
		{0BD38823-F211-4317-A93D-7E745A404FD8}.Release|Any CPU.Build.0 = Release|Any CPU
		{31753CB8-6B78-4C13-BEB4-91B63798D577}.Debug|Any CPU.ActiveCfg = Debug|Any CPU
		{31753CB8-6B78-4C13-BEB4-91B63798D577}.Debug|Any CPU.Build.0 = Debug|Any CPU
		{31753CB8-6B78-4C13-BEB4-91B63798D577}.Release|Any CPU.ActiveCfg = Release|Any CPU
		{31753CB8-6B78-4C13-BEB4-91B63798D577}.Release|Any CPU.Build.0 = Release|Any CPU
	EndGlobalSection
	GlobalSection(SolutionProperties) = preSolution
		HideSolutionNode = FALSE
	EndGlobalSection
	GlobalSection(NestedProjects) = preSolution
		{F5BA471E-DB0A-426D-B09D-EBF4E2BDA989} = {A4365A89-FFB5-4D03-B383-0E7E790303FC}
		{0BD38823-F211-4317-A93D-7E745A404FD8} = {F5BA471E-DB0A-426D-B09D-EBF4E2BDA989}
		{31753CB8-6B78-4C13-BEB4-91B63798D577} = {CDAE1FC8-F194-4FDF-8F63-8CE3735941A3}
	EndGlobalSection
	GlobalSection(ExtensibilityGlobals) = postSolution
		SolutionGuid = {20CD67C8-DC8C-4C3F-9EAC-533AD39413F3}
	EndGlobalSection
EndGlobal
